
Microsoft Visual Studio Solution File, Format Version 12.00
# Visual Studio 2015
Project("{FAE04EC0-301F-11D3-BF4B-00C04F79EFBC}") = "AGP_Assignment1", "AGP_Assignment1.csproj", "{B726924C-EC45-C12E-B0F9-8EB2A1AA8EB9}"
EndProject
Global
	GlobalSection(SolutionConfigurationPlatforms) = preSolution
		Debug|Any CPU = Debug|Any CPU
		Release|Any CPU = Release|Any CPU
	EndGlobalSection
	GlobalSection(ProjectConfigurationPlatforms) = postSolution
		{B726924C-EC45-C12E-B0F9-8EB2A1AA8EB9}.Debug|Any CPU.ActiveCfg = Debug|Any CPU
		{B726924C-EC45-C12E-B0F9-8EB2A1AA8EB9}.Debug|Any CPU.Build.0 = Debug|Any CPU
		{B726924C-EC45-C12E-B0F9-8EB2A1AA8EB9}.Release|Any CPU.ActiveCfg = Release|Any CPU
		{B726924C-EC45-C12E-B0F9-8EB2A1AA8EB9}.Release|Any CPU.Build.0 = Release|Any CPU
	EndGlobalSection
	GlobalSection(SolutionProperties) = preSolution
		HideSolutionNode = FALSE
	EndGlobalSection
EndGlobal
